PODS:
  - Alamofire (5.6.1)
  - Kingfisher (7.2.4)
  - RxAlamofire (6.1.1):
    - RxAlamofire/Core (= 6.1.1)
  - RxAlamofire/Core (6.1.1):
    - Alamofire (~> 5.4)
    - RxSwift (~> 6.0)
  - RxSwift (6.5.0)
  - SPIndicator (1.6.4)

DEPENDENCIES:
  - Alamofire
  - Kingfisher (~> 7.0)
  - RxAlamofire
  - SPIndicator

SPEC REPOS:
  trunk:
    - Alamofire
    - Kingfisher
    - RxAlamofire
    - RxSwift
    - SPIndicator

SPEC CHECKSUMS:
  Alamofire: 87bd8c952f9a4454320fce00d9cc3de57bcadaf5
  Kingfisher: 2457be2121734e69e54a2312ecc0150eb9ae70b3
  RxAlamofire: beb75a1c452d0de225651db4903f5d29d034a620
  RxSwift: 5710a9e6b17f3c3d6e40d6e559b9fa1e813b2ef8
  SPIndicator: 93e0a4fb23de51294ac48e874c0f081a5e293e4f

PODFILE CHECKSUM: dbf7f818876571c032dfafe10c7a4efb84e54276

COCOAPODS: 1.11.2
